
Microsoft Visual Studio Solution File, Format Version 12.00
# Visual Studio 14
VisualStudioVersion = 14.0.25420.1
MinimumVisualStudioVersion = 10.0.40219.1
Project("{FAE04EC0-301F-11D3-BF4B-00C04F79EFBC}") = "conflictfirst", "conflictfirst\conflictfirst.csproj", "{313D8E2C-50D4-4252-8BAD-0E03EC7CDFEF}"
EndProject
Global
	GlobalSection(SolutionConfigurationPlatforms) = preSolution
		Debug|Any CPU = Debug|Any CPU
		Release|Any CPU = Release|Any CPU
	EndGlobalSection
	GlobalSection(ProjectConfigurationPlatforms) = postSolution
		{313D8E2C-50D4-4252-8BAD-0E03EC7CDFEF}.Debug|Any CPU.ActiveCfg = Debug|Any CPU
		{313D8E2C-50D4-4252-8BAD-0E03EC7CDFEF}.Debug|Any CPU.Build.0 = Debug|Any CPU
		{313D8E2C-50D4-4252-8BAD-0E03EC7CDFEF}.Release|Any CPU.ActiveCfg = Release|Any CPU
		{313D8E2C-50D4-4252-8BAD-0E03EC7CDFEF}.Release|Any CPU.Build.0 = Release|Any CPU
	EndGlobalSection
	GlobalSection(SolutionProperties) = preSolution
		HideSolutionNode = FALSE
	EndGlobalSection
EndGlobal
